
Microsoft Visual Studio Solution File, Format Version 12.00
# Visual Studio 15
Project("{FAE04EC0-301F-11D3-BF4B-00C04F79EFBC}") = "para", "para.csproj", "{B0456482-BE07-1FA1-115B-54FA9658991A}"
EndProject
Global
	GlobalSection(SolutionConfigurationPlatforms) = preSolution
		Debug|Any CPU = Debug|Any CPU
		Release|Any CPU = Release|Any CPU
	EndGlobalSection
	GlobalSection(ProjectConfigurationPlatforms) = postSolution
		{B0456482-BE07-1FA1-115B-54FA9658991A}.Debug|Any CPU.ActiveCfg = Debug|Any CPU
		{B0456482-BE07-1FA1-115B-54FA9658991A}.Debug|Any CPU.Build.0 = Debug|Any CPU
		{B0456482-BE07-1FA1-115B-54FA9658991A}.Release|Any CPU.ActiveCfg = Release|Any CPU
		{B0456482-BE07-1FA1-115B-54FA9658991A}.Release|Any CPU.Build.0 = Release|Any CPU
	EndGlobalSection
	GlobalSection(SolutionProperties) = preSolution
		HideSolutionNode = FALSE
	EndGlobalSection
EndGlobal
